
Microsoft Visual Studio Solution File, Format Version 12.00
# Visual Studio Version 16
VisualStudioVersion = 16.0.28803.202
MinimumVisualStudioVersion = 10.0.40219.1
Project("{FAE04EC0-301F-11D3-BF4B-00C04F79EFBC}") = "SiteCore_task", "SiteCore_task\SiteCore_task.csproj", "{092DDD62-E5E9-48F2-BFC1-4466B57035D2}"
EndProject
Project("{2150E333-8FDC-42A3-9474-1A3956D46DE8}") = "Solution Items", "Solution Items", "{87B71B17-017C-4272-B5DC-0416754E216E}"
EndProject
Global
	GlobalSection(SolutionConfigurationPlatforms) = preSolution
		Debug|Any CPU = Debug|Any CPU
		Release|Any CPU = Release|Any CPU
	EndGlobalSection
	GlobalSection(ProjectConfigurationPlatforms) = postSolution
		{092DDD62-E5E9-48F2-BFC1-4466B57035D2}.Debug|Any CPU.ActiveCfg = Debug|Any CPU
		{092DDD62-E5E9-48F2-BFC1-4466B57035D2}.Debug|Any CPU.Build.0 = Debug|Any CPU
		{092DDD62-E5E9-48F2-BFC1-4466B57035D2}.Release|Any CPU.ActiveCfg = Release|Any CPU
		{092DDD62-E5E9-48F2-BFC1-4466B57035D2}.Release|Any CPU.Build.0 = Release|Any CPU
	EndGlobalSection
	GlobalSection(SolutionProperties) = preSolution
		HideSolutionNode = FALSE
	EndGlobalSection
	GlobalSection(ExtensibilityGlobals) = postSolution
		SolutionGuid = {1DCEEE51-C6E2-4F69-B95C-14B5EB993D96}
	EndGlobalSection
EndGlobal
